PODS:
  - BSGUtilities (0.4.1):
    - MMMarkdown (~> 0.3)
  - MMMarkdown (0.5.4)

DEPENDENCIES:
  - BSGUtilities (from `../`)

EXTERNAL SOURCES:
  BSGUtilities:
    :path: ../

SPEC CHECKSUMS:
  BSGUtilities: 20d625cd6eaaa59e13330151b61e2e5ee323439b
  MMMarkdown: 754f9154136d224178f51f2b2ba67a66a89d96ea

COCOAPODS: 0.35.0
