PODS:
  - BSGUtilities (0.4.0):
    - MMMarkdown (~> 0.3)
  - MMMarkdown (0.5)

DEPENDENCIES:
  - BSGUtilities (from `../`)

EXTERNAL SOURCES:
  BSGUtilities:
    :path: ../

SPEC CHECKSUMS:
  BSGUtilities: 4e2f7163f30020eb851a9e217a33235bb16e3961
  MMMarkdown: 74e6a040d7c41419d86c0ec22b2a49755a10e0fd

COCOAPODS: 0.35.0
